
Microsoft Visual Studio Solution File, Format Version 12.00
# Visual Studio Version 17
VisualStudioVersion = 17.9.34723.18
MinimumVisualStudioVersion = 10.0.40219.1
Project("{2150E333-8FDC-42A3-9474-1A3956D46DE8}") = "src", "src", "{D8197CC0-68C2-4FE0-930F-31E205394434}"
EndProject
Project("{FAE04EC0-301F-11D3-BF4B-00C04F79EFBC}") = "CQRSPattern.API", "src\CQRSPattern.API\CQRSPattern.API.csproj", "{B72BC5DD-1626-4B89-81C7-8603C9BD4A1A}"
EndProject
Project("{2150E333-8FDC-42A3-9474-1A3956D46DE8}") = "Tests", "Tests", "{2D894DE7-62F2-4D2A-B18E-623A3029D58F}"
EndProject
Project("{FAE04EC0-301F-11D3-BF4B-00C04F79EFBC}") = "UnitTests", "src\Tests\UnitTests\UnitTests.csproj", "{4C712725-A214-4C76-A7DE-9998CAA67BB0}"
EndProject
Global
	GlobalSection(SolutionConfigurationPlatforms) = preSolution
		Debug|Any CPU = Debug|Any CPU
		Release|Any CPU = Release|Any CPU
	EndGlobalSection
	GlobalSection(ProjectConfigurationPlatforms) = postSolution
		{B72BC5DD-1626-4B89-81C7-8603C9BD4A1A}.Debug|Any CPU.ActiveCfg = Debug|Any CPU
		{B72BC5DD-1626-4B89-81C7-8603C9BD4A1A}.Debug|Any CPU.Build.0 = Debug|Any CPU
		{B72BC5DD-1626-4B89-81C7-8603C9BD4A1A}.Release|Any CPU.ActiveCfg = Release|Any CPU
		{B72BC5DD-1626-4B89-81C7-8603C9BD4A1A}.Release|Any CPU.Build.0 = Release|Any CPU
		{4C712725-A214-4C76-A7DE-9998CAA67BB0}.Debug|Any CPU.ActiveCfg = Debug|Any CPU
		{4C712725-A214-4C76-A7DE-9998CAA67BB0}.Debug|Any CPU.Build.0 = Debug|Any CPU
		{4C712725-A214-4C76-A7DE-9998CAA67BB0}.Release|Any CPU.ActiveCfg = Release|Any CPU
		{4C712725-A214-4C76-A7DE-9998CAA67BB0}.Release|Any CPU.Build.0 = Release|Any CPU
	EndGlobalSection
	GlobalSection(SolutionProperties) = preSolution
		HideSolutionNode = FALSE
	EndGlobalSection
	GlobalSection(NestedProjects) = preSolution
		{B72BC5DD-1626-4B89-81C7-8603C9BD4A1A} = {D8197CC0-68C2-4FE0-930F-31E205394434}
		{2D894DE7-62F2-4D2A-B18E-623A3029D58F} = {D8197CC0-68C2-4FE0-930F-31E205394434}
		{4C712725-A214-4C76-A7DE-9998CAA67BB0} = {2D894DE7-62F2-4D2A-B18E-623A3029D58F}
	EndGlobalSection
	GlobalSection(ExtensibilityGlobals) = postSolution
		SolutionGuid = {789040E6-1BD9-42ED-A516-F4A6375CBDC3}
	EndGlobalSection
EndGlobal
